
Microsoft Visual Studio Solution File, Format Version 12.00
# Visual Studio 14
VisualStudioVersion = 14.0.24720.0
MinimumVisualStudioVersion = 10.0.40219.1
Project("{FAE04EC0-301F-11D3-BF4B-00C04F79EFBC}") = "Managing Position Content Alignment", "Managing Position Content Alignment\Managing Position Content Alignment.csproj", "{DD2537CE-9DFE-4C5B-B9D7-BE580B3232B3}"
EndProject
Global
	GlobalSection(SolutionConfigurationPlatforms) = preSolution
		Debug|Any CPU = Debug|Any CPU
		Release|Any CPU = Release|Any CPU
	EndGlobalSection
	GlobalSection(ProjectConfigurationPlatforms) = postSolution
		{DD2537CE-9DFE-4C5B-B9D7-BE580B3232B3}.Debug|Any CPU.ActiveCfg = Debug|Any CPU
		{DD2537CE-9DFE-4C5B-B9D7-BE580B3232B3}.Debug|Any CPU.Build.0 = Debug|Any CPU
		{DD2537CE-9DFE-4C5B-B9D7-BE580B3232B3}.Release|Any CPU.ActiveCfg = Release|Any CPU
		{DD2537CE-9DFE-4C5B-B9D7-BE580B3232B3}.Release|Any CPU.Build.0 = Release|Any CPU
	EndGlobalSection
	GlobalSection(SolutionProperties) = preSolution
		HideSolutionNode = FALSE
	EndGlobalSection
EndGlobal
