
Microsoft Visual Studio Solution File, Format Version 12.00
# Visual Studio 15
VisualStudioVersion = 15.0.27130.2020
MinimumVisualStudioVersion = 10.0.40219.1
Project("{FAE04EC0-301F-11D3-BF4B-00C04F79EFBC}") = "CSharp_Concepts", "CSharp_Concepts\CSharp_Concepts.csproj", "{FADCD86A-3488-4F32-85BE-DB974796B9D6}"
EndProject
Project("{2150E333-8FDC-42A3-9474-1A3956D46DE8}") = "Udemy-Learning_WPF_Course", "Udemy-Learning_WPF_Course", "{0DDFD79B-B3A1-49DB-AC51-1BB09F5F2292}"
EndProject
Project("{2150E333-8FDC-42A3-9474-1A3956D46DE8}") = "01", "01", "{5F64CA5C-EF38-4530-A2DE-13FB5B7BEE40}"
EndProject
Project("{FAE04EC0-301F-11D3-BF4B-00C04F79EFBC}") = "WPF Basics Sample Application", "Udemy - Learning WPF Course\Working Files\01\WPF Basics Sample Application\WPF Basics Sample Application\WPF Basics Sample Application.csproj", "{E4757884-195A-4399-92F1-A9638BDE45DF}"
EndProject
Project("{2150E333-8FDC-42A3-9474-1A3956D46DE8}") = "04", "04", "{3404F10C-E8D4-41EC-AF53-FCF28A4C933A}"
EndProject
Project("{FAE04EC0-301F-11D3-BF4B-00C04F79EFBC}") = "Property Elements Example", "Udemy - Learning WPF Course\Working Files\04\Property Elements Example\Property Elements Example\Property Elements Example.csproj", "{43D538E9-7402-4896-9210-C03A6C639949}"
EndProject
Project("{2150E333-8FDC-42A3-9474-1A3956D46DE8}") = "05", "05", "{20444FD0-D3AC-484D-8CCF-DD2AB7E3CDF7}"
EndProject
Project("{FAE04EC0-301F-11D3-BF4B-00C04F79EFBC}") = "Element Alignment Example", "Udemy - Learning WPF Course\Working Files\05\Element Alignment Example\Element Alignment Example\Element Alignment Example.csproj", "{58B6E268-CB6C-4FF8-907B-1B06513A5594}"
EndProject
Project("{FAE04EC0-301F-11D3-BF4B-00C04F79EFBC}") = "Flow Direction Example", "Udemy - Learning WPF Course\Working Files\05\Flow Direction Example\Flow Direction Example\Flow Direction Example.csproj", "{A78936FD-7170-493B-8C0A-52C19AED4856}"
EndProject
Project("{FAE04EC0-301F-11D3-BF4B-00C04F79EFBC}") = "Managing Position Content Alignment", "Udemy - Learning WPF Course\Working Files\05\Managing Position Content Alignment\Managing Position Content Alignment\Managing Position Content Alignment.csproj", "{DD2537CE-9DFE-4C5B-B9D7-BE580B3232B3}"
EndProject
Project("{FAE04EC0-301F-11D3-BF4B-00C04F79EFBC}") = "Margin and Padding Example", "Udemy - Learning WPF Course\Working Files\05\Margin and Padding Example\Margin and Padding Example\Margin and Padding Example.csproj", "{CA36BFC5-F2E7-4645-8870-B07351DCE496}"
EndProject
Project("{FAE04EC0-301F-11D3-BF4B-00C04F79EFBC}") = "Rotate Transform Example", "Udemy - Learning WPF Course\Working Files\05\Rotate Transform Example\Rotate Transform Example\Rotate Transform Example.csproj", "{EEF53FC2-5127-405E-B452-98CF7A70A817}"
EndProject
Project("{FAE04EC0-301F-11D3-BF4B-00C04F79EFBC}") = "Scale Transform Example", "Udemy - Learning WPF Course\Working Files\05\Scale Transform Example\Scale Transform Example\Scale Transform Example.csproj", "{A38E969C-2078-418A-86B1-9B9BF5318B59}"
EndProject
Project("{FAE04EC0-301F-11D3-BF4B-00C04F79EFBC}") = "Skew Transform Example", "Udemy - Learning WPF Course\Working Files\05\Skew Transform Example\Skew Transform Example\Skew Transform Example.csproj", "{5C86F279-5FB3-4C92-8D8D-3BC8AD034FE3}"
EndProject
Project("{FAE04EC0-301F-11D3-BF4B-00C04F79EFBC}") = "VisibilityExample", "Udemy - Learning WPF Course\Working Files\05\VisibilityExample\VisibilityExample\VisibilityExample.csproj", "{ADF7BAAD-A4E5-4740-980D-2E92C69A3D3A}"
EndProject
Project("{2150E333-8FDC-42A3-9474-1A3956D46DE8}") = "06", "06", "{808CF8F9-022A-499E-8879-838E039C388D}"
EndProject
Project("{FAE04EC0-301F-11D3-BF4B-00C04F79EFBC}") = "Canvas Panel Example", "Udemy - Learning WPF Course\Working Files\06\Canvas Panel Example\Canvas Panel Example\Canvas Panel Example.csproj", "{01CE75CA-4139-4609-BCC1-15817DA243BB}"
EndProject
Project("{FAE04EC0-301F-11D3-BF4B-00C04F79EFBC}") = "Clipping Srolling and Scaling Example", "Udemy - Learning WPF Course\Working Files\06\Clipping Srolling and Scaling Example\Clipping Srolling and Scaling Example\Clipping Srolling and Scaling Example.csproj", "{37280094-BBF5-44A5-A08F-14BF211E78E8}"
EndProject
Project("{FAE04EC0-301F-11D3-BF4B-00C04F79EFBC}") = "DockPanel Example", "Udemy - Learning WPF Course\Working Files\06\DockPanel Example\DockPanel Example\DockPanel Example.csproj", "{F0760F38-0B0F-495A-A4B3-E368C248FF4E}"
EndProject
Project("{FAE04EC0-301F-11D3-BF4B-00C04F79EFBC}") = "GridPanel Example", "Udemy - Learning WPF Course\Working Files\06\GridPanel Example\GridPanel Example\GridPanel Example.csproj", "{B1AE0145-21CA-41D0-920B-07E221465AFA}"
EndProject
Project("{FAE04EC0-301F-11D3-BF4B-00C04F79EFBC}") = "StackPanel Example", "Udemy - Learning WPF Course\Working Files\06\StackPanel Example\StackPanel Example\StackPanel Example.csproj", "{13F601D1-32A1-4246-974E-CCB301592B01}"
EndProject
Project("{FAE04EC0-301F-11D3-BF4B-00C04F79EFBC}") = "ToggleButton Example", "Udemy - Learning WPF Course\Working Files\06\ToggleButton Example\ToggleButton Example\ToggleButton Example.csproj", "{B084FFED-058E-4E2A-84C1-556CAA472DEA}"
EndProject
Project("{FAE04EC0-301F-11D3-BF4B-00C04F79EFBC}") = "WrapPanel Example", "Udemy - Learning WPF Course\Working Files\06\WrapPanel Example\WrapPanel Example\WrapPanel Example.csproj", "{2CEA113C-96C1-4D21-96FD-102339E4A77A}"
EndProject
Project("{2150E333-8FDC-42A3-9474-1A3956D46DE8}") = "07", "07", "{41890573-3F4F-476E-BD90-0319FEC8E465}"
EndProject
Project("{FAE04EC0-301F-11D3-BF4B-00C04F79EFBC}") = "CheckBox Example", "Udemy - Learning WPF Course\Working Files\07\CheckBox Example\CheckBox Example\CheckBox Example.csproj", "{76F8B6D2-9AD9-4AD8-B642-0757F9186782}"
EndProject
Project("{FAE04EC0-301F-11D3-BF4B-00C04F79EFBC}") = "Frame Example", "Udemy - Learning WPF Course\Working Files\07\Frame Example\Frame Example\Frame Example.csproj", "{106466A6-2ED3-40E8-B399-F2BE175EACEB}"
EndProject
Project("{FAE04EC0-301F-11D3-BF4B-00C04F79EFBC}") = "Label Example", "Udemy - Learning WPF Course\Working Files\07\Label Example\Label Example\Label Example.csproj", "{3B3EBC4E-45AF-4D7E-A5AC-56453EDC63FF}"
EndProject
Project("{FAE04EC0-301F-11D3-BF4B-00C04F79EFBC}") = "RadioButton Example", "Udemy - Learning WPF Course\Working Files\07\RadioButton Example\RadioButton Example\RadioButton Example.csproj", "{33F50380-4810-4FB6-A8C7-56908672E265}"
EndProject
Project("{FAE04EC0-301F-11D3-BF4B-00C04F79EFBC}") = "ToggleButton Example", "Udemy - Learning WPF Course\Working Files\07\ToggleButton Example\ToggleButton Example\ToggleButton Example.csproj", "{85840AEE-7322-4E3B-820B-DE627214B20D}"
EndProject
Project("{FAE04EC0-301F-11D3-BF4B-00C04F79EFBC}") = "ToolTip Example", "Udemy - Learning WPF Course\Working Files\07\ToolTip Example\ToolTip Example\ToolTip Example.csproj", "{D7E1F22D-08D2-491F-8B73-DE107047A937}"
EndProject
Project("{2150E333-8FDC-42A3-9474-1A3956D46DE8}") = "08", "08", "{D9FBF591-5E70-4EBE-A8EE-F701793A6080}"
EndProject
Project("{FAE04EC0-301F-11D3-BF4B-00C04F79EFBC}") = "WPF Basics Sample Application", "Udemy - Learning WPF Course\Working Files\08\WPF Basics Sample Application\WPF Basics Sample Application\WPF Basics Sample Application.csproj", "{2B5E4374-4234-49E2-8777-039B74289434}"
EndProject
Project("{2150E333-8FDC-42A3-9474-1A3956D46DE8}") = "09", "09", "{61717FE9-3831-45FF-9015-793396B22BCC}"
EndProject
Project("{FAE04EC0-301F-11D3-BF4B-00C04F79EFBC}") = "ListBox Example", "Udemy - Learning WPF Course\Working Files\09\ListBox Example\ListBox Example\ListBox Example.csproj", "{D94D007C-E677-4403-8A93-26FB668E87D5}"
EndProject
Project("{FAE04EC0-301F-11D3-BF4B-00C04F79EFBC}") = "Menu Examples", "Udemy - Learning WPF Course\Working Files\09\Menu Examples\Menu Examples\Menu Examples.csproj", "{940C8E0D-9304-4B62-BD0F-1412BA2DA281}"
EndProject
Project("{FAE04EC0-301F-11D3-BF4B-00C04F79EFBC}") = "Tabs Example", "Udemy - Learning WPF Course\Working Files\09\Tabs Example\Tabs Example\Tabs Example.csproj", "{6FD0A012-4ED8-4339-9249-11C810FF6F72}"
EndProject
Project("{FAE04EC0-301F-11D3-BF4B-00C04F79EFBC}") = "TreeView Example", "Udemy - Learning WPF Course\Working Files\09\TreeView Example\TreeView Example\TreeView Example.csproj", "{9D0CDD8C-7258-4F6F-AA4B-594A8D86551D}"
EndProject
Project("{2150E333-8FDC-42A3-9474-1A3956D46DE8}") = "11", "11", "{836AFF90-EDBE-4ED0-A2AF-610CAB658020}"
EndProject
Project("{FAE04EC0-301F-11D3-BF4B-00C04F79EFBC}") = "Skins Example", "Udemy - Learning WPF Course\Working Files\11\Skins Example\Skins Example\Skins Example.csproj", "{6040CB67-1C02-42DE-93E0-5FA7F6BD9DCD}"
EndProject
Project("{FAE04EC0-301F-11D3-BF4B-00C04F79EFBC}") = "Styles Example", "Udemy - Learning WPF Course\Working Files\11\Styles Example\Styles Example\Styles Example.csproj", "{3071A9D5-1B85-4AFA-AE10-0D050099F31E}"
EndProject
Project("{2150E333-8FDC-42A3-9474-1A3956D46DE8}") = "Udemy-WPF_MasterCourse", "Udemy-WPF_MasterCourse", "{FA852D95-A014-4560-B7AE-A4116FC824BE}"
EndProject
Project("{FAE04EC0-301F-11D3-BF4B-00C04F79EFBC}") = "A", "Udemy - WPF MasterCourse\A_WPF\A\A.csproj", "{BBAF222F-4921-4F05-8A92-49ADEAB2EF37}"
EndProject
Project("{FAE04EC0-301F-11D3-BF4B-00C04F79EFBC}") = "B", "Udemy - WPF MasterCourse\B_WPF\B\B\B.csproj", "{5BF606C5-29B2-42BA-92A3-DA45A467956E}"
EndProject
Project("{FAE04EC0-301F-11D3-BF4B-00C04F79EFBC}") = "C", "Udemy - WPF MasterCourse\C_WPF\C\C.csproj", "{3B129FF6-6286-44A2-B5F6-6332B24A5AA4}"
EndProject
Project("{FAE04EC0-301F-11D3-BF4B-00C04F79EFBC}") = "D", "Udemy - WPF MasterCourse\D_WPF\D\D.csproj", "{3264A3D1-EA5B-49A6-91B5-4C0F6C1C01C6}"
EndProject
Project("{FAE04EC0-301F-11D3-BF4B-00C04F79EFBC}") = "E", "Udemy - WPF MasterCourse\E_WPF\E\E\E.csproj", "{E4A0AF80-ABC8-48E1-B41E-773CE35E8093}"
EndProject
Project("{FAE04EC0-301F-11D3-BF4B-00C04F79EFBC}") = "F", "Udemy - WPF MasterCourse\F_WPF\F\F\F.csproj", "{F3E16F51-3F27-4857-A523-2101A9AA6CE5}"
EndProject
Project("{FAE04EC0-301F-11D3-BF4B-00C04F79EFBC}") = "G", "Udemy - WPF MasterCourse\G_WPF\G\G\G.csproj", "{9E3AE6C1-82B6-481C-90E4-C8CE8817A1F4}"
EndProject
Global
	GlobalSection(SolutionConfigurationPlatforms) = preSolution
		_CALLBY|Any CPU = _CALLBY|Any CPU
		Debug|Any CPU = Debug|Any CPU
		Release|Any CPU = Release|Any CPU
	EndGlobalSection
	GlobalSection(ProjectConfigurationPlatforms) = postSolution
		{FADCD86A-3488-4F32-85BE-DB974796B9D6}._CALLBY|Any CPU.ActiveCfg = Debug|Any CPU
		{FADCD86A-3488-4F32-85BE-DB974796B9D6}._CALLBY|Any CPU.Build.0 = Debug|Any CPU
		{FADCD86A-3488-4F32-85BE-DB974796B9D6}.Debug|Any CPU.ActiveCfg = Debug|Any CPU
		{FADCD86A-3488-4F32-85BE-DB974796B9D6}.Debug|Any CPU.Build.0 = Debug|Any CPU
		{FADCD86A-3488-4F32-85BE-DB974796B9D6}.Release|Any CPU.ActiveCfg = Release|Any CPU
		{FADCD86A-3488-4F32-85BE-DB974796B9D6}.Release|Any CPU.Build.0 = Release|Any CPU
		{E4757884-195A-4399-92F1-A9638BDE45DF}._CALLBY|Any CPU.ActiveCfg = Release|Any CPU
		{E4757884-195A-4399-92F1-A9638BDE45DF}._CALLBY|Any CPU.Build.0 = Release|Any CPU
		{E4757884-195A-4399-92F1-A9638BDE45DF}.Debug|Any CPU.ActiveCfg = Debug|Any CPU
		{E4757884-195A-4399-92F1-A9638BDE45DF}.Debug|Any CPU.Build.0 = Debug|Any CPU
		{E4757884-195A-4399-92F1-A9638BDE45DF}.Release|Any CPU.ActiveCfg = Release|Any CPU
		{E4757884-195A-4399-92F1-A9638BDE45DF}.Release|Any CPU.Build.0 = Release|Any CPU
		{43D538E9-7402-4896-9210-C03A6C639949}._CALLBY|Any CPU.ActiveCfg = Release|Any CPU
		{43D538E9-7402-4896-9210-C03A6C639949}._CALLBY|Any CPU.Build.0 = Release|Any CPU
		{43D538E9-7402-4896-9210-C03A6C639949}.Debug|Any CPU.ActiveCfg = Debug|Any CPU
		{43D538E9-7402-4896-9210-C03A6C639949}.Debug|Any CPU.Build.0 = Debug|Any CPU
		{43D538E9-7402-4896-9210-C03A6C639949}.Release|Any CPU.ActiveCfg = Release|Any CPU
		{43D538E9-7402-4896-9210-C03A6C639949}.Release|Any CPU.Build.0 = Release|Any CPU
		{58B6E268-CB6C-4FF8-907B-1B06513A5594}._CALLBY|Any CPU.ActiveCfg = Release|Any CPU
		{58B6E268-CB6C-4FF8-907B-1B06513A5594}._CALLBY|Any CPU.Build.0 = Release|Any CPU
		{58B6E268-CB6C-4FF8-907B-1B06513A5594}.Debug|Any CPU.ActiveCfg = Debug|Any CPU
		{58B6E268-CB6C-4FF8-907B-1B06513A5594}.Debug|Any CPU.Build.0 = Debug|Any CPU
		{58B6E268-CB6C-4FF8-907B-1B06513A5594}.Release|Any CPU.ActiveCfg = Release|Any CPU
		{58B6E268-CB6C-4FF8-907B-1B06513A5594}.Release|Any CPU.Build.0 = Release|Any CPU
		{A78936FD-7170-493B-8C0A-52C19AED4856}._CALLBY|Any CPU.ActiveCfg = Release|Any CPU
		{A78936FD-7170-493B-8C0A-52C19AED4856}._CALLBY|Any CPU.Build.0 = Release|Any CPU
		{A78936FD-7170-493B-8C0A-52C19AED4856}.Debug|Any CPU.ActiveCfg = Debug|Any CPU
		{A78936FD-7170-493B-8C0A-52C19AED4856}.Debug|Any CPU.Build.0 = Debug|Any CPU
		{A78936FD-7170-493B-8C0A-52C19AED4856}.Release|Any CPU.ActiveCfg = Release|Any CPU
		{A78936FD-7170-493B-8C0A-52C19AED4856}.Release|Any CPU.Build.0 = Release|Any CPU
		{DD2537CE-9DFE-4C5B-B9D7-BE580B3232B3}._CALLBY|Any CPU.ActiveCfg = Release|Any CPU
		{DD2537CE-9DFE-4C5B-B9D7-BE580B3232B3}._CALLBY|Any CPU.Build.0 = Release|Any CPU
		{DD2537CE-9DFE-4C5B-B9D7-BE580B3232B3}.Debug|Any CPU.ActiveCfg = Debug|Any CPU
		{DD2537CE-9DFE-4C5B-B9D7-BE580B3232B3}.Debug|Any CPU.Build.0 = Debug|Any CPU
		{DD2537CE-9DFE-4C5B-B9D7-BE580B3232B3}.Release|Any CPU.ActiveCfg = Release|Any CPU
		{DD2537CE-9DFE-4C5B-B9D7-BE580B3232B3}.Release|Any CPU.Build.0 = Release|Any CPU
		{CA36BFC5-F2E7-4645-8870-B07351DCE496}._CALLBY|Any CPU.ActiveCfg = Release|Any CPU
		{CA36BFC5-F2E7-4645-8870-B07351DCE496}._CALLBY|Any CPU.Build.0 = Release|Any CPU
		{CA36BFC5-F2E7-4645-8870-B07351DCE496}.Debug|Any CPU.ActiveCfg = Debug|Any CPU
		{CA36BFC5-F2E7-4645-8870-B07351DCE496}.Debug|Any CPU.Build.0 = Debug|Any CPU
		{CA36BFC5-F2E7-4645-8870-B07351DCE496}.Release|Any CPU.ActiveCfg = Release|Any CPU
		{CA36BFC5-F2E7-4645-8870-B07351DCE496}.Release|Any CPU.Build.0 = Release|Any CPU
		{EEF53FC2-5127-405E-B452-98CF7A70A817}._CALLBY|Any CPU.ActiveCfg = Release|Any CPU
		{EEF53FC2-5127-405E-B452-98CF7A70A817}._CALLBY|Any CPU.Build.0 = Release|Any CPU
		{EEF53FC2-5127-405E-B452-98CF7A70A817}.Debug|Any CPU.ActiveCfg = Debug|Any CPU
		{EEF53FC2-5127-405E-B452-98CF7A70A817}.Debug|Any CPU.Build.0 = Debug|Any CPU
		{EEF53FC2-5127-405E-B452-98CF7A70A817}.Release|Any CPU.ActiveCfg = Release|Any CPU
		{EEF53FC2-5127-405E-B452-98CF7A70A817}.Release|Any CPU.Build.0 = Release|Any CPU
		{A38E969C-2078-418A-86B1-9B9BF5318B59}._CALLBY|Any CPU.ActiveCfg = Release|Any CPU
		{A38E969C-2078-418A-86B1-9B9BF5318B59}._CALLBY|Any CPU.Build.0 = Release|Any CPU
		{A38E969C-2078-418A-86B1-9B9BF5318B59}.Debug|Any CPU.ActiveCfg = Debug|Any CPU
		{A38E969C-2078-418A-86B1-9B9BF5318B59}.Debug|Any CPU.Build.0 = Debug|Any CPU
		{A38E969C-2078-418A-86B1-9B9BF5318B59}.Release|Any CPU.ActiveCfg = Release|Any CPU
		{A38E969C-2078-418A-86B1-9B9BF5318B59}.Release|Any CPU.Build.0 = Release|Any CPU
		{5C86F279-5FB3-4C92-8D8D-3BC8AD034FE3}._CALLBY|Any CPU.ActiveCfg = Release|Any CPU
		{5C86F279-5FB3-4C92-8D8D-3BC8AD034FE3}._CALLBY|Any CPU.Build.0 = Release|Any CPU
		{5C86F279-5FB3-4C92-8D8D-3BC8AD034FE3}.Debug|Any CPU.ActiveCfg = Debug|Any CPU
		{5C86F279-5FB3-4C92-8D8D-3BC8AD034FE3}.Debug|Any CPU.Build.0 = Debug|Any CPU
		{5C86F279-5FB3-4C92-8D8D-3BC8AD034FE3}.Release|Any CPU.ActiveCfg = Release|Any CPU
		{5C86F279-5FB3-4C92-8D8D-3BC8AD034FE3}.Release|Any CPU.Build.0 = Release|Any CPU
		{ADF7BAAD-A4E5-4740-980D-2E92C69A3D3A}._CALLBY|Any CPU.ActiveCfg = Release|Any CPU
		{ADF7BAAD-A4E5-4740-980D-2E92C69A3D3A}._CALLBY|Any CPU.Build.0 = Release|Any CPU
		{ADF7BAAD-A4E5-4740-980D-2E92C69A3D3A}.Debug|Any CPU.ActiveCfg = Debug|Any CPU
		{ADF7BAAD-A4E5-4740-980D-2E92C69A3D3A}.Debug|Any CPU.Build.0 = Debug|Any CPU
		{ADF7BAAD-A4E5-4740-980D-2E92C69A3D3A}.Release|Any CPU.ActiveCfg = Release|Any CPU
		{ADF7BAAD-A4E5-4740-980D-2E92C69A3D3A}.Release|Any CPU.Build.0 = Release|Any CPU
		{01CE75CA-4139-4609-BCC1-15817DA243BB}._CALLBY|Any CPU.ActiveCfg = Release|Any CPU
		{01CE75CA-4139-4609-BCC1-15817DA243BB}._CALLBY|Any CPU.Build.0 = Release|Any CPU
		{01CE75CA-4139-4609-BCC1-15817DA243BB}.Debug|Any CPU.ActiveCfg = Debug|Any CPU
		{01CE75CA-4139-4609-BCC1-15817DA243BB}.Debug|Any CPU.Build.0 = Debug|Any CPU
		{01CE75CA-4139-4609-BCC1-15817DA243BB}.Release|Any CPU.ActiveCfg = Release|Any CPU
		{01CE75CA-4139-4609-BCC1-15817DA243BB}.Release|Any CPU.Build.0 = Release|Any CPU
		{37280094-BBF5-44A5-A08F-14BF211E78E8}._CALLBY|Any CPU.ActiveCfg = Release|Any CPU
		{37280094-BBF5-44A5-A08F-14BF211E78E8}._CALLBY|Any CPU.Build.0 = Release|Any CPU
		{37280094-BBF5-44A5-A08F-14BF211E78E8}.Debug|Any CPU.ActiveCfg = Debug|Any CPU
		{37280094-BBF5-44A5-A08F-14BF211E78E8}.Debug|Any CPU.Build.0 = Debug|Any CPU
		{37280094-BBF5-44A5-A08F-14BF211E78E8}.Release|Any CPU.ActiveCfg = Release|Any CPU
		{37280094-BBF5-44A5-A08F-14BF211E78E8}.Release|Any CPU.Build.0 = Release|Any CPU
		{F0760F38-0B0F-495A-A4B3-E368C248FF4E}._CALLBY|Any CPU.ActiveCfg = Release|Any CPU
		{F0760F38-0B0F-495A-A4B3-E368C248FF4E}._CALLBY|Any CPU.Build.0 = Release|Any CPU
		{F0760F38-0B0F-495A-A4B3-E368C248FF4E}.Debug|Any CPU.ActiveCfg = Debug|Any CPU
		{F0760F38-0B0F-495A-A4B3-E368C248FF4E}.Debug|Any CPU.Build.0 = Debug|Any CPU
		{F0760F38-0B0F-495A-A4B3-E368C248FF4E}.Release|Any CPU.ActiveCfg = Release|Any CPU
		{F0760F38-0B0F-495A-A4B3-E368C248FF4E}.Release|Any CPU.Build.0 = Release|Any CPU
		{B1AE0145-21CA-41D0-920B-07E221465AFA}._CALLBY|Any CPU.ActiveCfg = Release|Any CPU
		{B1AE0145-21CA-41D0-920B-07E221465AFA}._CALLBY|Any CPU.Build.0 = Release|Any CPU
		{B1AE0145-21CA-41D0-920B-07E221465AFA}.Debug|Any CPU.ActiveCfg = Debug|Any CPU
		{B1AE0145-21CA-41D0-920B-07E221465AFA}.Debug|Any CPU.Build.0 = Debug|Any CPU
		{B1AE0145-21CA-41D0-920B-07E221465AFA}.Release|Any CPU.ActiveCfg = Release|Any CPU
		{B1AE0145-21CA-41D0-920B-07E221465AFA}.Release|Any CPU.Build.0 = Release|Any CPU
		{13F601D1-32A1-4246-974E-CCB301592B01}._CALLBY|Any CPU.ActiveCfg = Release|Any CPU
		{13F601D1-32A1-4246-974E-CCB301592B01}._CALLBY|Any CPU.Build.0 = Release|Any CPU
		{13F601D1-32A1-4246-974E-CCB301592B01}.Debug|Any CPU.ActiveCfg = Debug|Any CPU
		{13F601D1-32A1-4246-974E-CCB301592B01}.Debug|Any CPU.Build.0 = Debug|Any CPU
		{13F601D1-32A1-4246-974E-CCB301592B01}.Release|Any CPU.ActiveCfg = Release|Any CPU
		{13F601D1-32A1-4246-974E-CCB301592B01}.Release|Any CPU.Build.0 = Release|Any CPU
		{B084FFED-058E-4E2A-84C1-556CAA472DEA}._CALLBY|Any CPU.ActiveCfg = Release|Any CPU
		{B084FFED-058E-4E2A-84C1-556CAA472DEA}._CALLBY|Any CPU.Build.0 = Release|Any CPU
		{B084FFED-058E-4E2A-84C1-556CAA472DEA}.Debug|Any CPU.ActiveCfg = Debug|Any CPU
		{B084FFED-058E-4E2A-84C1-556CAA472DEA}.Debug|Any CPU.Build.0 = Debug|Any CPU
		{B084FFED-058E-4E2A-84C1-556CAA472DEA}.Release|Any CPU.ActiveCfg = Release|Any CPU
		{B084FFED-058E-4E2A-84C1-556CAA472DEA}.Release|Any CPU.Build.0 = Release|Any CPU
		{2CEA113C-96C1-4D21-96FD-102339E4A77A}._CALLBY|Any CPU.ActiveCfg = Release|Any CPU
		{2CEA113C-96C1-4D21-96FD-102339E4A77A}._CALLBY|Any CPU.Build.0 = Release|Any CPU
		{2CEA113C-96C1-4D21-96FD-102339E4A77A}.Debug|Any CPU.ActiveCfg = Debug|Any CPU
		{2CEA113C-96C1-4D21-96FD-102339E4A77A}.Debug|Any CPU.Build.0 = Debug|Any CPU
		{2CEA113C-96C1-4D21-96FD-102339E4A77A}.Release|Any CPU.ActiveCfg = Release|Any CPU
		{2CEA113C-96C1-4D21-96FD-102339E4A77A}.Release|Any CPU.Build.0 = Release|Any CPU
		{76F8B6D2-9AD9-4AD8-B642-0757F9186782}._CALLBY|Any CPU.ActiveCfg = Release|Any CPU
		{76F8B6D2-9AD9-4AD8-B642-0757F9186782}._CALLBY|Any CPU.Build.0 = Release|Any CPU
		{76F8B6D2-9AD9-4AD8-B642-0757F9186782}.Debug|Any CPU.ActiveCfg = Debug|Any CPU
		{76F8B6D2-9AD9-4AD8-B642-0757F9186782}.Debug|Any CPU.Build.0 = Debug|Any CPU
		{76F8B6D2-9AD9-4AD8-B642-0757F9186782}.Release|Any CPU.ActiveCfg = Release|Any CPU
		{76F8B6D2-9AD9-4AD8-B642-0757F9186782}.Release|Any CPU.Build.0 = Release|Any CPU
		{106466A6-2ED3-40E8-B399-F2BE175EACEB}._CALLBY|Any CPU.ActiveCfg = Release|Any CPU
		{106466A6-2ED3-40E8-B399-F2BE175EACEB}._CALLBY|Any CPU.Build.0 = Release|Any CPU
		{106466A6-2ED3-40E8-B399-F2BE175EACEB}.Debug|Any CPU.ActiveCfg = Debug|Any CPU
		{106466A6-2ED3-40E8-B399-F2BE175EACEB}.Debug|Any CPU.Build.0 = Debug|Any CPU
		{106466A6-2ED3-40E8-B399-F2BE175EACEB}.Release|Any CPU.ActiveCfg = Release|Any CPU
		{106466A6-2ED3-40E8-B399-F2BE175EACEB}.Release|Any CPU.Build.0 = Release|Any CPU
		{3B3EBC4E-45AF-4D7E-A5AC-56453EDC63FF}._CALLBY|Any CPU.ActiveCfg = Release|Any CPU
		{3B3EBC4E-45AF-4D7E-A5AC-56453EDC63FF}._CALLBY|Any CPU.Build.0 = Release|Any CPU
		{3B3EBC4E-45AF-4D7E-A5AC-56453EDC63FF}.Debug|Any CPU.ActiveCfg = Debug|Any CPU
		{3B3EBC4E-45AF-4D7E-A5AC-56453EDC63FF}.Debug|Any CPU.Build.0 = Debug|Any CPU
		{3B3EBC4E-45AF-4D7E-A5AC-56453EDC63FF}.Release|Any CPU.ActiveCfg = Release|Any CPU
		{3B3EBC4E-45AF-4D7E-A5AC-56453EDC63FF}.Release|Any CPU.Build.0 = Release|Any CPU
		{33F50380-4810-4FB6-A8C7-56908672E265}._CALLBY|Any CPU.ActiveCfg = Release|Any CPU
		{33F50380-4810-4FB6-A8C7-56908672E265}._CALLBY|Any CPU.Build.0 = Release|Any CPU
		{33F50380-4810-4FB6-A8C7-56908672E265}.Debug|Any CPU.ActiveCfg = Debug|Any CPU
		{33F50380-4810-4FB6-A8C7-56908672E265}.Debug|Any CPU.Build.0 = Debug|Any CPU
		{33F50380-4810-4FB6-A8C7-56908672E265}.Release|Any CPU.ActiveCfg = Release|Any CPU
		{33F50380-4810-4FB6-A8C7-56908672E265}.Release|Any CPU.Build.0 = Release|Any CPU
		{85840AEE-7322-4E3B-820B-DE627214B20D}._CALLBY|Any CPU.ActiveCfg = Release|Any CPU
		{85840AEE-7322-4E3B-820B-DE627214B20D}._CALLBY|Any CPU.Build.0 = Release|Any CPU
		{85840AEE-7322-4E3B-820B-DE627214B20D}.Debug|Any CPU.ActiveCfg = Debug|Any CPU
		{85840AEE-7322-4E3B-820B-DE627214B20D}.Debug|Any CPU.Build.0 = Debug|Any CPU
		{85840AEE-7322-4E3B-820B-DE627214B20D}.Release|Any CPU.ActiveCfg = Release|Any CPU
		{85840AEE-7322-4E3B-820B-DE627214B20D}.Release|Any CPU.Build.0 = Release|Any CPU
		{D7E1F22D-08D2-491F-8B73-DE107047A937}._CALLBY|Any CPU.ActiveCfg = Release|Any CPU
		{D7E1F22D-08D2-491F-8B73-DE107047A937}._CALLBY|Any CPU.Build.0 = Release|Any CPU
		{D7E1F22D-08D2-491F-8B73-DE107047A937}.Debug|Any CPU.ActiveCfg = Debug|Any CPU
		{D7E1F22D-08D2-491F-8B73-DE107047A937}.Debug|Any CPU.Build.0 = Debug|Any CPU
		{D7E1F22D-08D2-491F-8B73-DE107047A937}.Release|Any CPU.ActiveCfg = Release|Any CPU
		{D7E1F22D-08D2-491F-8B73-DE107047A937}.Release|Any CPU.Build.0 = Release|Any CPU
		{2B5E4374-4234-49E2-8777-039B74289434}._CALLBY|Any CPU.ActiveCfg = Release|Any CPU
		{2B5E4374-4234-49E2-8777-039B74289434}._CALLBY|Any CPU.Build.0 = Release|Any CPU
		{2B5E4374-4234-49E2-8777-039B74289434}.Debug|Any CPU.ActiveCfg = Debug|Any CPU
		{2B5E4374-4234-49E2-8777-039B74289434}.Debug|Any CPU.Build.0 = Debug|Any CPU
		{2B5E4374-4234-49E2-8777-039B74289434}.Release|Any CPU.ActiveCfg = Release|Any CPU
		{2B5E4374-4234-49E2-8777-039B74289434}.Release|Any CPU.Build.0 = Release|Any CPU
		{D94D007C-E677-4403-8A93-26FB668E87D5}._CALLBY|Any CPU.ActiveCfg = Release|Any CPU
		{D94D007C-E677-4403-8A93-26FB668E87D5}._CALLBY|Any CPU.Build.0 = Release|Any CPU
		{D94D007C-E677-4403-8A93-26FB668E87D5}.Debug|Any CPU.ActiveCfg = Debug|Any CPU
		{D94D007C-E677-4403-8A93-26FB668E87D5}.Debug|Any CPU.Build.0 = Debug|Any CPU
		{D94D007C-E677-4403-8A93-26FB668E87D5}.Release|Any CPU.ActiveCfg = Release|Any CPU
		{D94D007C-E677-4403-8A93-26FB668E87D5}.Release|Any CPU.Build.0 = Release|Any CPU
		{940C8E0D-9304-4B62-BD0F-1412BA2DA281}._CALLBY|Any CPU.ActiveCfg = Release|Any CPU
		{940C8E0D-9304-4B62-BD0F-1412BA2DA281}._CALLBY|Any CPU.Build.0 = Release|Any CPU
		{940C8E0D-9304-4B62-BD0F-1412BA2DA281}.Debug|Any CPU.ActiveCfg = Debug|Any CPU
		{940C8E0D-9304-4B62-BD0F-1412BA2DA281}.Debug|Any CPU.Build.0 = Debug|Any CPU
		{940C8E0D-9304-4B62-BD0F-1412BA2DA281}.Release|Any CPU.ActiveCfg = Release|Any CPU
		{940C8E0D-9304-4B62-BD0F-1412BA2DA281}.Release|Any CPU.Build.0 = Release|Any CPU
		{6FD0A012-4ED8-4339-9249-11C810FF6F72}._CALLBY|Any CPU.ActiveCfg = Release|Any CPU
		{6FD0A012-4ED8-4339-9249-11C810FF6F72}._CALLBY|Any CPU.Build.0 = Release|Any CPU
		{6FD0A012-4ED8-4339-9249-11C810FF6F72}.Debug|Any CPU.ActiveCfg = Debug|Any CPU
		{6FD0A012-4ED8-4339-9249-11C810FF6F72}.Debug|Any CPU.Build.0 = Debug|Any CPU
		{6FD0A012-4ED8-4339-9249-11C810FF6F72}.Release|Any CPU.ActiveCfg = Release|Any CPU
		{6FD0A012-4ED8-4339-9249-11C810FF6F72}.Release|Any CPU.Build.0 = Release|Any CPU
		{9D0CDD8C-7258-4F6F-AA4B-594A8D86551D}._CALLBY|Any CPU.ActiveCfg = Release|Any CPU
		{9D0CDD8C-7258-4F6F-AA4B-594A8D86551D}._CALLBY|Any CPU.Build.0 = Release|Any CPU
		{9D0CDD8C-7258-4F6F-AA4B-594A8D86551D}.Debug|Any CPU.ActiveCfg = Debug|Any CPU
		{9D0CDD8C-7258-4F6F-AA4B-594A8D86551D}.Debug|Any CPU.Build.0 = Debug|Any CPU
		{9D0CDD8C-7258-4F6F-AA4B-594A8D86551D}.Release|Any CPU.ActiveCfg = Release|Any CPU
		{9D0CDD8C-7258-4F6F-AA4B-594A8D86551D}.Release|Any CPU.Build.0 = Release|Any CPU
		{6040CB67-1C02-42DE-93E0-5FA7F6BD9DCD}._CALLBY|Any CPU.ActiveCfg = Release|Any CPU
		{6040CB67-1C02-42DE-93E0-5FA7F6BD9DCD}._CALLBY|Any CPU.Build.0 = Release|Any CPU
		{6040CB67-1C02-42DE-93E0-5FA7F6BD9DCD}.Debug|Any CPU.ActiveCfg = Debug|Any CPU
		{6040CB67-1C02-42DE-93E0-5FA7F6BD9DCD}.Debug|Any CPU.Build.0 = Debug|Any CPU
		{6040CB67-1C02-42DE-93E0-5FA7F6BD9DCD}.Release|Any CPU.ActiveCfg = Release|Any CPU
		{6040CB67-1C02-42DE-93E0-5FA7F6BD9DCD}.Release|Any CPU.Build.0 = Release|Any CPU
		{3071A9D5-1B85-4AFA-AE10-0D050099F31E}._CALLBY|Any CPU.ActiveCfg = Release|Any CPU
		{3071A9D5-1B85-4AFA-AE10-0D050099F31E}._CALLBY|Any CPU.Build.0 = Release|Any CPU
		{3071A9D5-1B85-4AFA-AE10-0D050099F31E}.Debug|Any CPU.ActiveCfg = Debug|Any CPU
		{3071A9D5-1B85-4AFA-AE10-0D050099F31E}.Debug|Any CPU.Build.0 = Debug|Any CPU
		{3071A9D5-1B85-4AFA-AE10-0D050099F31E}.Release|Any CPU.ActiveCfg = Release|Any CPU
		{3071A9D5-1B85-4AFA-AE10-0D050099F31E}.Release|Any CPU.Build.0 = Release|Any CPU
		{BBAF222F-4921-4F05-8A92-49ADEAB2EF37}._CALLBY|Any CPU.ActiveCfg = Release|Any CPU
		{BBAF222F-4921-4F05-8A92-49ADEAB2EF37}._CALLBY|Any CPU.Build.0 = Release|Any CPU
		{BBAF222F-4921-4F05-8A92-49ADEAB2EF37}.Debug|Any CPU.ActiveCfg = Debug|Any CPU
		{BBAF222F-4921-4F05-8A92-49ADEAB2EF37}.Debug|Any CPU.Build.0 = Debug|Any CPU
		{BBAF222F-4921-4F05-8A92-49ADEAB2EF37}.Release|Any CPU.ActiveCfg = Release|Any CPU
		{BBAF222F-4921-4F05-8A92-49ADEAB2EF37}.Release|Any CPU.Build.0 = Release|Any CPU
		{5BF606C5-29B2-42BA-92A3-DA45A467956E}._CALLBY|Any CPU.ActiveCfg = Release|Any CPU
		{5BF606C5-29B2-42BA-92A3-DA45A467956E}._CALLBY|Any CPU.Build.0 = Release|Any CPU
		{5BF606C5-29B2-42BA-92A3-DA45A467956E}.Debug|Any CPU.ActiveCfg = Debug|Any CPU
		{5BF606C5-29B2-42BA-92A3-DA45A467956E}.Debug|Any CPU.Build.0 = Debug|Any CPU
		{5BF606C5-29B2-42BA-92A3-DA45A467956E}.Release|Any CPU.ActiveCfg = Release|Any CPU
		{5BF606C5-29B2-42BA-92A3-DA45A467956E}.Release|Any CPU.Build.0 = Release|Any CPU
		{3B129FF6-6286-44A2-B5F6-6332B24A5AA4}._CALLBY|Any CPU.ActiveCfg = Release|Any CPU
		{3B129FF6-6286-44A2-B5F6-6332B24A5AA4}._CALLBY|Any CPU.Build.0 = Release|Any CPU
		{3B129FF6-6286-44A2-B5F6-6332B24A5AA4}.Debug|Any CPU.ActiveCfg = Debug|Any CPU
		{3B129FF6-6286-44A2-B5F6-6332B24A5AA4}.Debug|Any CPU.Build.0 = Debug|Any CPU
		{3B129FF6-6286-44A2-B5F6-6332B24A5AA4}.Release|Any CPU.ActiveCfg = Release|Any CPU
		{3B129FF6-6286-44A2-B5F6-6332B24A5AA4}.Release|Any CPU.Build.0 = Release|Any CPU
		{3264A3D1-EA5B-49A6-91B5-4C0F6C1C01C6}._CALLBY|Any CPU.ActiveCfg = Release|Any CPU
		{3264A3D1-EA5B-49A6-91B5-4C0F6C1C01C6}._CALLBY|Any CPU.Build.0 = Release|Any CPU
		{3264A3D1-EA5B-49A6-91B5-4C0F6C1C01C6}.Debug|Any CPU.ActiveCfg = Debug|Any CPU
		{3264A3D1-EA5B-49A6-91B5-4C0F6C1C01C6}.Debug|Any CPU.Build.0 = Debug|Any CPU
		{3264A3D1-EA5B-49A6-91B5-4C0F6C1C01C6}.Release|Any CPU.ActiveCfg = Release|Any CPU
		{3264A3D1-EA5B-49A6-91B5-4C0F6C1C01C6}.Release|Any CPU.Build.0 = Release|Any CPU
		{E4A0AF80-ABC8-48E1-B41E-773CE35E8093}._CALLBY|Any CPU.ActiveCfg = Release|Any CPU
		{E4A0AF80-ABC8-48E1-B41E-773CE35E8093}._CALLBY|Any CPU.Build.0 = Release|Any CPU
		{E4A0AF80-ABC8-48E1-B41E-773CE35E8093}.Debug|Any CPU.ActiveCfg = Debug|Any CPU
		{E4A0AF80-ABC8-48E1-B41E-773CE35E8093}.Debug|Any CPU.Build.0 = Debug|Any CPU
		{E4A0AF80-ABC8-48E1-B41E-773CE35E8093}.Release|Any CPU.ActiveCfg = Release|Any CPU
		{E4A0AF80-ABC8-48E1-B41E-773CE35E8093}.Release|Any CPU.Build.0 = Release|Any CPU
		{F3E16F51-3F27-4857-A523-2101A9AA6CE5}._CALLBY|Any CPU.ActiveCfg = Release|Any CPU
		{F3E16F51-3F27-4857-A523-2101A9AA6CE5}._CALLBY|Any CPU.Build.0 = Release|Any CPU
		{F3E16F51-3F27-4857-A523-2101A9AA6CE5}.Debug|Any CPU.ActiveCfg = Debug|Any CPU
		{F3E16F51-3F27-4857-A523-2101A9AA6CE5}.Debug|Any CPU.Build.0 = Debug|Any CPU
		{F3E16F51-3F27-4857-A523-2101A9AA6CE5}.Release|Any CPU.ActiveCfg = Release|Any CPU
		{F3E16F51-3F27-4857-A523-2101A9AA6CE5}.Release|Any CPU.Build.0 = Release|Any CPU
		{9E3AE6C1-82B6-481C-90E4-C8CE8817A1F4}._CALLBY|Any CPU.ActiveCfg = Release|Any CPU
		{9E3AE6C1-82B6-481C-90E4-C8CE8817A1F4}._CALLBY|Any CPU.Build.0 = Release|Any CPU
		{9E3AE6C1-82B6-481C-90E4-C8CE8817A1F4}.Debug|Any CPU.ActiveCfg = Debug|Any CPU
		{9E3AE6C1-82B6-481C-90E4-C8CE8817A1F4}.Debug|Any CPU.Build.0 = Debug|Any CPU
		{9E3AE6C1-82B6-481C-90E4-C8CE8817A1F4}.Release|Any CPU.ActiveCfg = Release|Any CPU
		{9E3AE6C1-82B6-481C-90E4-C8CE8817A1F4}.Release|Any CPU.Build.0 = Release|Any CPU
	EndGlobalSection
	GlobalSection(SolutionProperties) = preSolution
		HideSolutionNode = FALSE
	EndGlobalSection
	GlobalSection(NestedProjects) = preSolution
		{5F64CA5C-EF38-4530-A2DE-13FB5B7BEE40} = {0DDFD79B-B3A1-49DB-AC51-1BB09F5F2292}
		{E4757884-195A-4399-92F1-A9638BDE45DF} = {5F64CA5C-EF38-4530-A2DE-13FB5B7BEE40}
		{3404F10C-E8D4-41EC-AF53-FCF28A4C933A} = {0DDFD79B-B3A1-49DB-AC51-1BB09F5F2292}
		{43D538E9-7402-4896-9210-C03A6C639949} = {3404F10C-E8D4-41EC-AF53-FCF28A4C933A}
		{20444FD0-D3AC-484D-8CCF-DD2AB7E3CDF7} = {0DDFD79B-B3A1-49DB-AC51-1BB09F5F2292}
		{58B6E268-CB6C-4FF8-907B-1B06513A5594} = {20444FD0-D3AC-484D-8CCF-DD2AB7E3CDF7}
		{A78936FD-7170-493B-8C0A-52C19AED4856} = {20444FD0-D3AC-484D-8CCF-DD2AB7E3CDF7}
		{DD2537CE-9DFE-4C5B-B9D7-BE580B3232B3} = {20444FD0-D3AC-484D-8CCF-DD2AB7E3CDF7}
		{CA36BFC5-F2E7-4645-8870-B07351DCE496} = {20444FD0-D3AC-484D-8CCF-DD2AB7E3CDF7}
		{EEF53FC2-5127-405E-B452-98CF7A70A817} = {20444FD0-D3AC-484D-8CCF-DD2AB7E3CDF7}
		{A38E969C-2078-418A-86B1-9B9BF5318B59} = {20444FD0-D3AC-484D-8CCF-DD2AB7E3CDF7}
		{5C86F279-5FB3-4C92-8D8D-3BC8AD034FE3} = {20444FD0-D3AC-484D-8CCF-DD2AB7E3CDF7}
		{ADF7BAAD-A4E5-4740-980D-2E92C69A3D3A} = {20444FD0-D3AC-484D-8CCF-DD2AB7E3CDF7}
		{808CF8F9-022A-499E-8879-838E039C388D} = {0DDFD79B-B3A1-49DB-AC51-1BB09F5F2292}
		{01CE75CA-4139-4609-BCC1-15817DA243BB} = {808CF8F9-022A-499E-8879-838E039C388D}
		{37280094-BBF5-44A5-A08F-14BF211E78E8} = {808CF8F9-022A-499E-8879-838E039C388D}
		{F0760F38-0B0F-495A-A4B3-E368C248FF4E} = {808CF8F9-022A-499E-8879-838E039C388D}
		{B1AE0145-21CA-41D0-920B-07E221465AFA} = {808CF8F9-022A-499E-8879-838E039C388D}
		{13F601D1-32A1-4246-974E-CCB301592B01} = {808CF8F9-022A-499E-8879-838E039C388D}
		{B084FFED-058E-4E2A-84C1-556CAA472DEA} = {808CF8F9-022A-499E-8879-838E039C388D}
		{2CEA113C-96C1-4D21-96FD-102339E4A77A} = {808CF8F9-022A-499E-8879-838E039C388D}
		{41890573-3F4F-476E-BD90-0319FEC8E465} = {0DDFD79B-B3A1-49DB-AC51-1BB09F5F2292}
		{76F8B6D2-9AD9-4AD8-B642-0757F9186782} = {41890573-3F4F-476E-BD90-0319FEC8E465}
		{106466A6-2ED3-40E8-B399-F2BE175EACEB} = {41890573-3F4F-476E-BD90-0319FEC8E465}
		{3B3EBC4E-45AF-4D7E-A5AC-56453EDC63FF} = {41890573-3F4F-476E-BD90-0319FEC8E465}
		{33F50380-4810-4FB6-A8C7-56908672E265} = {41890573-3F4F-476E-BD90-0319FEC8E465}
		{85840AEE-7322-4E3B-820B-DE627214B20D} = {41890573-3F4F-476E-BD90-0319FEC8E465}
		{D7E1F22D-08D2-491F-8B73-DE107047A937} = {41890573-3F4F-476E-BD90-0319FEC8E465}
		{D9FBF591-5E70-4EBE-A8EE-F701793A6080} = {0DDFD79B-B3A1-49DB-AC51-1BB09F5F2292}
		{2B5E4374-4234-49E2-8777-039B74289434} = {D9FBF591-5E70-4EBE-A8EE-F701793A6080}
		{61717FE9-3831-45FF-9015-793396B22BCC} = {0DDFD79B-B3A1-49DB-AC51-1BB09F5F2292}
		{D94D007C-E677-4403-8A93-26FB668E87D5} = {61717FE9-3831-45FF-9015-793396B22BCC}
		{940C8E0D-9304-4B62-BD0F-1412BA2DA281} = {61717FE9-3831-45FF-9015-793396B22BCC}
		{6FD0A012-4ED8-4339-9249-11C810FF6F72} = {61717FE9-3831-45FF-9015-793396B22BCC}
		{9D0CDD8C-7258-4F6F-AA4B-594A8D86551D} = {61717FE9-3831-45FF-9015-793396B22BCC}
		{836AFF90-EDBE-4ED0-A2AF-610CAB658020} = {0DDFD79B-B3A1-49DB-AC51-1BB09F5F2292}
		{6040CB67-1C02-42DE-93E0-5FA7F6BD9DCD} = {836AFF90-EDBE-4ED0-A2AF-610CAB658020}
		{3071A9D5-1B85-4AFA-AE10-0D050099F31E} = {836AFF90-EDBE-4ED0-A2AF-610CAB658020}
		{BBAF222F-4921-4F05-8A92-49ADEAB2EF37} = {FA852D95-A014-4560-B7AE-A4116FC824BE}
		{5BF606C5-29B2-42BA-92A3-DA45A467956E} = {FA852D95-A014-4560-B7AE-A4116FC824BE}
		{3B129FF6-6286-44A2-B5F6-6332B24A5AA4} = {FA852D95-A014-4560-B7AE-A4116FC824BE}
		{3264A3D1-EA5B-49A6-91B5-4C0F6C1C01C6} = {FA852D95-A014-4560-B7AE-A4116FC824BE}
		{E4A0AF80-ABC8-48E1-B41E-773CE35E8093} = {FA852D95-A014-4560-B7AE-A4116FC824BE}
		{F3E16F51-3F27-4857-A523-2101A9AA6CE5} = {FA852D95-A014-4560-B7AE-A4116FC824BE}
		{9E3AE6C1-82B6-481C-90E4-C8CE8817A1F4} = {FA852D95-A014-4560-B7AE-A4116FC824BE}
	EndGlobalSection
	GlobalSection(ExtensibilityGlobals) = postSolution
		SolutionGuid = {FB2E8138-8A23-4272-82BB-EDE6B98D2EB2}
	EndGlobalSection
EndGlobal
