
Microsoft Visual Studio Solution File, Format Version 12.00
# Visual Studio 14
VisualStudioVersion = 14.0.24720.0
MinimumVisualStudioVersion = 10.0.40219.1
Project("{FAE04EC0-301F-11D3-BF4B-00C04F79EFBC}") = "Property Elements Example", "Property Elements Example\Property Elements Example.csproj", "{43D538E9-7402-4896-9210-C03A6C639949}"
EndProject
Global
	GlobalSection(SolutionConfigurationPlatforms) = preSolution
		Debug|Any CPU = Debug|Any CPU
		Release|Any CPU = Release|Any CPU
	EndGlobalSection
	GlobalSection(ProjectConfigurationPlatforms) = postSolution
		{43D538E9-7402-4896-9210-C03A6C639949}.Debug|Any CPU.ActiveCfg = Debug|Any CPU
		{43D538E9-7402-4896-9210-C03A6C639949}.Debug|Any CPU.Build.0 = Debug|Any CPU
		{43D538E9-7402-4896-9210-C03A6C639949}.Release|Any CPU.ActiveCfg = Release|Any CPU
		{43D538E9-7402-4896-9210-C03A6C639949}.Release|Any CPU.Build.0 = Release|Any CPU
	EndGlobalSection
	GlobalSection(SolutionProperties) = preSolution
		HideSolutionNode = FALSE
	EndGlobalSection
EndGlobal
